
Microsoft Visual Studio Solution File, Format Version 12.00
# Visual Studio Version 17
VisualStudioVersion = 17.3.32819.101
MinimumVisualStudioVersion = 10.0.40219.1
Project("{FAE04EC0-301F-11D3-BF4B-00C04F79EFBC}") = "JenkinsDemo", "JenkinsDemo\JenkinsDemo.csproj", "{0565286B-21D0-4951-BD6B-A3D68ED3041E}"
EndProject
Project("{FAE04EC0-301F-11D3-BF4B-00C04F79EFBC}") = "UnitTestProject", "UnitTestProject\UnitTestProject.csproj", "{328F2BC0-E588-4B8C-8E2A-FD6CE6F76E8F}"
EndProject
Global
	GlobalSection(SolutionConfigurationPlatforms) = preSolution
		Debug|Any CPU = Debug|Any CPU
		Release|Any CPU = Release|Any CPU
	EndGlobalSection
	GlobalSection(ProjectConfigurationPlatforms) = postSolution
		{0565286B-21D0-4951-BD6B-A3D68ED3041E}.Debug|Any CPU.ActiveCfg = Debug|Any CPU
		{0565286B-21D0-4951-BD6B-A3D68ED3041E}.Debug|Any CPU.Build.0 = Debug|Any CPU
		{0565286B-21D0-4951-BD6B-A3D68ED3041E}.Release|Any CPU.ActiveCfg = Release|Any CPU
		{0565286B-21D0-4951-BD6B-A3D68ED3041E}.Release|Any CPU.Build.0 = Release|Any CPU
		{328F2BC0-E588-4B8C-8E2A-FD6CE6F76E8F}.Debug|Any CPU.ActiveCfg = Debug|Any CPU
		{328F2BC0-E588-4B8C-8E2A-FD6CE6F76E8F}.Debug|Any CPU.Build.0 = Debug|Any CPU
		{328F2BC0-E588-4B8C-8E2A-FD6CE6F76E8F}.Release|Any CPU.ActiveCfg = Release|Any CPU
		{328F2BC0-E588-4B8C-8E2A-FD6CE6F76E8F}.Release|Any CPU.Build.0 = Release|Any CPU
	EndGlobalSection
	GlobalSection(SolutionProperties) = preSolution
		HideSolutionNode = FALSE
	EndGlobalSection
	GlobalSection(ExtensibilityGlobals) = postSolution
		SolutionGuid = {003DA48D-7FB8-4634-B842-2A01856982CF}
	EndGlobalSection
EndGlobal
